<?xml version="1.0" encoding="utf-8"?>
<Project ToolsVersion="4.0" xmlns="http://schemas.microsoft.com/developer/msbuild/2003">
  <ItemGroup>
    <ClCompile Include="EnemyManager.cpp" />
    <ClCompile Include="Bullet.cpp" />
    <ClCompile Include="BulletManager.cpp" />
    <ClCompile Include="Game.cpp" />
    <ClCompile Include="main.cpp" />
    <ClCompile Include="Menu.cpp" />
    <ClCompile Include="Player.cpp" />
    <ClCompile Include="Scene.cpp" />
    <ClCompile Include="Shader.cpp" />
    <ClCompile Include="ShaderProgram.cpp" />
    <ClCompile Include="Sprite.cpp" />
    <ClCompile Include="Texture.cpp" />
    <ClCompile Include="TileMap.cpp" />
    <ClCompile Include="Time.cpp" />
    <ClCompile Include="TorRafaga1.cpp" />
    <ClCompile Include="Turret1.cpp" />
    <ClCompile Include="PlayerLevel2.cpp" />
    <ClCompile Include="Runner.cpp" />
    <ClCompile Include="Sniper.cpp" />
    <ClCompile Include="Soldier.cpp" />
    <ClCompile Include="GreenSoldier.cpp" />
    <ClCompile Include="TorS2.cpp" />
    <ClCompile Include="BolS2.cpp" />
    <ClCompile Include="MapLevel2.cpp" />
    <ClCompile Include="Enemy.cpp" />
    <ClCompile Include="LifeIcon.cpp" />
    <ClCompile Include="BigS2.cpp" />
    <ClCompile Include="MapLevel3.cpp" />
  </ItemGroup>
  <ItemGroup>
    <ClInclude Include="Runner.h" />
    <ClInclude Include="Sniper.h" />
    <ClInclude Include="Soldier.h" />
    <ClInclude Include="GreenSoldier.h" />
    <ClInclude Include="TorS2.h" />
    <ClInclude Include="BolS2.h" />
    <ClInclude Include="MapLevel2.h" />
    <ClInclude Include="Enemy.h" />
    <ClInclude Include="LifeIcon.h" />
    <ClInclude Include="BigS2.h" />
    <ClInclude Include="MapLevel3.h" />
  </ItemGroup>
  <ItemGroup>
    <ClCompile Include="Game.cpp">
      <Filter>Archivos de código fuente</Filter>
    </ClCompile>
    <ClCompile Include="main.cpp">
      <Filter>Archivos de código fuente</Filter>
    </ClCompile>
    <ClCompile Include="Player.cpp">
      <Filter>Archivos de código fuente</Filter>
    </ClCompile>
    <ClCompile Include="Scene.cpp">
      <Filter>Archivos de código fuente</Filter>
    </ClCompile>
    <ClCompile Include="Shader.cpp">
      <Filter>Archivos de código fuente</Filter>
    </ClCompile>
    <ClCompile Include="ShaderProgram.cpp">
      <Filter>Archivos de código fuente</Filter>
    </ClCompile>
    <ClCompile Include="Sprite.cpp">
      <Filter>Archivos de código fuente</Filter>
    </ClCompile>
    <ClCompile Include="Texture.cpp">
      <Filter>Archivos de código fuente</Filter>
    </ClCompile>
    <ClCompile Include="TileMap.cpp">
      <Filter>Archivos de código fuente</Filter>
    </ClCompile>
    <ClCompile Include="Turret1.cpp">
      <Filter>Archivos de código fuente</Filter>
    </ClCompile>
    <ClCompile Include="TorRafaga1.cpp">
      <Filter>Archivos de código fuente</Filter>
    </ClCompile>
    <ClCompile Include="EnemyManager.cpp">
      <Filter>Archivos de código fuente</Filter>
    </ClCompile>
    <ClInclude Include="AnimKeyframes.h" />
    <ClInclude Include="EnemyManager.h" />
    <ClInclude Include="Bullet.h" />
    <ClInclude Include="BulletManager.h" />
    <ClInclude Include="Game.h" />
    <ClInclude Include="Menu.h" />
    <ClInclude Include="Player.h" />
    <ClInclude Include="Scene.h" />
    <ClInclude Include="Shader.h" />
    <ClInclude Include="ShaderProgram.h" />
    <ClInclude Include="Sprite.h" />
    <ClInclude Include="Texture.h" />
    <ClInclude Include="TileMap.h" />
    <ClInclude Include="Time.h" />
    <ClInclude Include="TorRafaga1.h" />
    <ClInclude Include="Turret1.h" />
    <ClInclude Include="PlayerLevel2.h" />
  </ItemGroup>
</Project>